
Microsoft Visual Studio Solution File, Format Version 12.00
# Visual Studio Version 16
VisualStudioVersion = 16.0.31729.503
MinimumVisualStudioVersion = 10.0.40219.1
Project("{FAE04EC0-301F-11D3-BF4B-00C04F79EFBC}") = "otomasyonprogramlama", "otomasyonprogramlama\otomasyonprogramlama.csproj", "{980463A2-5556-44F7-B4F3-A03ADF1E234F}"
EndProject
Global
	GlobalSection(SolutionConfigurationPlatforms) = preSolution
		Debug|Any CPU = Debug|Any CPU
		Release|Any CPU = Release|Any CPU
	EndGlobalSection
	GlobalSection(ProjectConfigurationPlatforms) = postSolution
		{980463A2-5556-44F7-B4F3-A03ADF1E234F}.Debug|Any CPU.ActiveCfg = Debug|Any CPU
		{980463A2-5556-44F7-B4F3-A03ADF1E234F}.Debug|Any CPU.Build.0 = Debug|Any CPU
		{980463A2-5556-44F7-B4F3-A03ADF1E234F}.Release|Any CPU.ActiveCfg = Release|Any CPU
		{980463A2-5556-44F7-B4F3-A03ADF1E234F}.Release|Any CPU.Build.0 = Release|Any CPU
	EndGlobalSection
	GlobalSection(SolutionProperties) = preSolution
		HideSolutionNode = FALSE
	EndGlobalSection
	GlobalSection(ExtensibilityGlobals) = postSolution
		SolutionGuid = {EBEA5617-3639-4C41-A5C3-0F29504E898C}
	EndGlobalSection
EndGlobal
